Microsoft Visual Studio Solution File, Format Version 12.00
# Visual Studio Version 17
VisualStudioVersion = 17.9.34622.214
MinimumVisualStudioVersion = 16.0.0.0
Project("{FAE04EC0-301F-11D3-BF4B-00C04F79EFBC}") = "Shared", "Shared\Shared.csproj", "{7CEF32B6-0E23-469D-858D-222885242C9E}"
EndProject
Project("{FAE04EC0-301F-11D3-BF4B-00C04F79EFBC}") = "Backend", "Backend\Backend.csproj", "{DDAC84B8-B4A9-4ACD-B1D6-8C92A2193F1C}"
EndProject
Project("{FAE04EC0-301F-11D3-BF4B-00C04F79EFBC}") = "Frontend", "Frontend\Frontend.csproj", "{61B9A48C-C998-4556-83E2-A76C7A58B8A8}"
EndProject
Project("{FAE04EC0-301F-11D3-BF4B-00C04F79EFBC}") = "Frontend.Client", "Frontend.Client\Frontend.Client.csproj", "{A811B5EB-C31B-4896-A9C8-8ACFB87A71A1}"
EndProject
Global
	GlobalSection(SolutionConfigurationPlatforms) = preSolution
		Debug|Any CPU = Debug|Any CPU
		Debug|x64 = Debug|x64
		Debug|x86 = Debug|x86
		Release|Any CPU = Release|Any CPU
		Release|x64 = Release|x64
		Release|x86 = Release|x86
	EndGlobalSection
	GlobalSection(ProjectConfigurationPlatforms) = postSolution
		{7CEF32B6-0E23-469D-858D-222885242C9E}.Debug|Any CPU.ActiveCfg = Debug|Any CPU
		{7CEF32B6-0E23-469D-858D-222885242C9E}.Debug|Any CPU.Build.0 = Debug|Any CPU
		{7CEF32B6-0E23-469D-858D-222885242C9E}.Debug|x64.ActiveCfg = Debug|Any CPU
		{7CEF32B6-0E23-469D-858D-222885242C9E}.Debug|x64.Build.0 = Debug|Any CPU
		{7CEF32B6-0E23-469D-858D-222885242C9E}.Debug|x86.ActiveCfg = Debug|Any CPU
		{7CEF32B6-0E23-469D-858D-222885242C9E}.Debug|x86.Build.0 = Debug|Any CPU
		{7CEF32B6-0E23-469D-858D-222885242C9E}.Release|Any CPU.ActiveCfg = Release|Any CPU
		{7CEF32B6-0E23-469D-858D-222885242C9E}.Release|Any CPU.Build.0 = Release|Any CPU
		{7CEF32B6-0E23-469D-858D-222885242C9E}.Release|x64.ActiveCfg = Release|Any CPU
		{7CEF32B6-0E23-469D-858D-222885242C9E}.Release|x64.Build.0 = Release|Any CPU
		{7CEF32B6-0E23-469D-858D-222885242C9E}.Release|x86.ActiveCfg = Release|Any CPU
		{7CEF32B6-0E23-469D-858D-222885242C9E}.Release|x86.Build.0 = Release|Any CPU
		{DDAC84B8-B4A9-4ACD-B1D6-8C92A2193F1C}.Debug|Any CPU.ActiveCfg = Debug|Any CPU
		{DDAC84B8-B4A9-4ACD-B1D6-8C92A2193F1C}.Debug|Any CPU.Build.0 = Debug|Any CPU
		{DDAC84B8-B4A9-4ACD-B1D6-8C92A2193F1C}.Debug|x64.ActiveCfg = Debug|Any CPU
		{DDAC84B8-B4A9-4ACD-B1D6-8C92A2193F1C}.Debug|x64.Build.0 = Debug|Any CPU
		{DDAC84B8-B4A9-4ACD-B1D6-8C92A2193F1C}.Debug|x86.ActiveCfg = Debug|Any CPU
		{DDAC84B8-B4A9-4ACD-B1D6-8C92A2193F1C}.Debug|x86.Build.0 = Debug|Any CPU
		{DDAC84B8-B4A9-4ACD-B1D6-8C92A2193F1C}.Release|Any CPU.ActiveCfg = Release|Any CPU
		{DDAC84B8-B4A9-4ACD-B1D6-8C92A2193F1C}.Release|Any CPU.Build.0 = Release|Any CPU
		{DDAC84B8-B4A9-4ACD-B1D6-8C92A2193F1C}.Release|x64.ActiveCfg = Release|Any CPU
		{DDAC84B8-B4A9-4ACD-B1D6-8C92A2193F1C}.Release|x64.Build.0 = Release|Any CPU
		{DDAC84B8-B4A9-4ACD-B1D6-8C92A2193F1C}.Release|x86.ActiveCfg = Release|Any CPU
		{DDAC84B8-B4A9-4ACD-B1D6-8C92A2193F1C}.Release|x86.Build.0 = Release|Any CPU
		{61B9A48C-C998-4556-83E2-A76C7A58B8A8}.Debug|Any CPU.ActiveCfg = Debug|Any CPU
		{61B9A48C-C998-4556-83E2-A76C7A58B8A8}.Debug|Any CPU.Build.0 = Debug|Any CPU
		{61B9A48C-C998-4556-83E2-A76C7A58B8A8}.Debug|x64.ActiveCfg = Debug|Any CPU
		{61B9A48C-C998-4556-83E2-A76C7A58B8A8}.Debug|x64.Build.0 = Debug|Any CPU
		{61B9A48C-C998-4556-83E2-A76C7A58B8A8}.Debug|x86.ActiveCfg = Debug|Any CPU
		{61B9A48C-C998-4556-83E2-A76C7A58B8A8}.Debug|x86.Build.0 = Debug|Any CPU
		{61B9A48C-C998-4556-83E2-A76C7A58B8A8}.Release|Any CPU.ActiveCfg = Release|Any CPU
		{61B9A48C-C998-4556-83E2-A76C7A58B8A8}.Release|Any CPU.Build.0 = Release|Any CPU
		{61B9A48C-C998-4556-83E2-A76C7A58B8A8}.Release|x64.ActiveCfg = Release|Any CPU
		{61B9A48C-C998-4556-83E2-A76C7A58B8A8}.Release|x64.Build.0 = Release|Any CPU
		{61B9A48C-C998-4556-83E2-A76C7A58B8A8}.Release|x86.ActiveCfg = Release|Any CPU
		{61B9A48C-C998-4556-83E2-A76C7A58B8A8}.Release|x86.Build.0 = Release|Any CPU
		{A811B5EB-C31B-4896-A9C8-8ACFB87A71A1}.Debug|Any CPU.ActiveCfg = Debug|Any CPU
		{A811B5EB-C31B-4896-A9C8-8ACFB87A71A1}.Debug|Any CPU.Build.0 = Debug|Any CPU
		{A811B5EB-C31B-4896-A9C8-8ACFB87A71A1}.Debug|x64.ActiveCfg = Debug|Any CPU
		{A811B5EB-C31B-4896-A9C8-8ACFB87A71A1}.Debug|x64.Build.0 = Debug|Any CPU
		{A811B5EB-C31B-4896-A9C8-8ACFB87A71A1}.Debug|x86.ActiveCfg = Debug|Any CPU
		{A811B5EB-C31B-4896-A9C8-8ACFB87A71A1}.Debug|x86.Build.0 = Debug|Any CPU
		{A811B5EB-C31B-4896-A9C8-8ACFB87A71A1}.Release|Any CPU.ActiveCfg = Release|Any CPU
		{A811B5EB-C31B-4896-A9C8-8ACFB87A71A1}.Release|Any CPU.Build.0 = Release|Any CPU
		{A811B5EB-C31B-4896-A9C8-8ACFB87A71A1}.Release|x64.ActiveCfg = Release|Any CPU
		{A811B5EB-C31B-4896-A9C8-8ACFB87A71A1}.Release|x64.Build.0 = Release|Any CPU
		{A811B5EB-C31B-4896-A9C8-8ACFB87A71A1}.Release|x86.ActiveCfg = Release|Any CPU
		{A811B5EB-C31B-4896-A9C8-8ACFB87A71A1}.Release|x86.Build.0 = Release|Any CPU
	EndGlobalSection
	GlobalSection(SolutionProperties) = preSolution
		HideSolutionNode = FALSE
	EndGlobalSection
	GlobalSection(ExtensibilityGlobals) = postSolution
		SolutionGuid = {4D9BBF67-796C-457B-BE79-3A864B2F082D}
	EndGlobalSection
EndGlobal
